
Microsoft Visual Studio Solution File, Format Version 12.00
# Visual Studio Version 16
VisualStudioVersion = 16.0.28803.452
MinimumVisualStudioVersion = 10.0.40219.1
Project("{FAE04EC0-301F-11D3-BF4B-00C04F79EFBC}") = "Lab4DiceRolling", "Lab4DiceRolling\Lab4DiceRolling.csproj", "{BCF7DC6E-D98B-40DA-9C78-B81FDEED3987}"
EndProject
Global
	GlobalSection(SolutionConfigurationPlatforms) = preSolution
		Debug|Any CPU = Debug|Any CPU
		Release|Any CPU = Release|Any CPU
	EndGlobalSection
	GlobalSection(ProjectConfigurationPlatforms) = postSolution
		{BCF7DC6E-D98B-40DA-9C78-B81FDEED3987}.Debug|Any CPU.ActiveCfg = Debug|Any CPU
		{BCF7DC6E-D98B-40DA-9C78-B81FDEED3987}.Debug|Any CPU.Build.0 = Debug|Any CPU
		{BCF7DC6E-D98B-40DA-9C78-B81FDEED3987}.Release|Any CPU.ActiveCfg = Release|Any CPU
		{BCF7DC6E-D98B-40DA-9C78-B81FDEED3987}.Release|Any CPU.Build.0 = Release|Any CPU
	EndGlobalSection
	GlobalSection(SolutionProperties) = preSolution
		HideSolutionNode = FALSE
	EndGlobalSection
	GlobalSection(ExtensibilityGlobals) = postSolution
		SolutionGuid = {C5C882A1-4F09-4190-8B2F-693E3475F29F}
	EndGlobalSection
EndGlobal
